
Microsoft Visual Studio Solution File, Format Version 12.00
# Visual Studio Version 17
VisualStudioVersion = 17.6.33829.357
MinimumVisualStudioVersion = 10.0.40219.1
Project("{FAE04EC0-301F-11D3-BF4B-00C04F79EFBC}") = "ExercicioPOO-Triangulo", "ExercicioPOO-Triangulo.csproj", "{AAE29260-0318-4E5D-915D-377D8872BAF8}"
EndProject
Global
	GlobalSection(SolutionConfigurationPlatforms) = preSolution
		Debug|Any CPU = Debug|Any CPU
		Release|Any CPU = Release|Any CPU
	EndGlobalSection
	GlobalSection(ProjectConfigurationPlatforms) = postSolution
		{AAE29260-0318-4E5D-915D-377D8872BAF8}.Debug|Any CPU.ActiveCfg = Debug|Any CPU
		{AAE29260-0318-4E5D-915D-377D8872BAF8}.Debug|Any CPU.Build.0 = Debug|Any CPU
		{AAE29260-0318-4E5D-915D-377D8872BAF8}.Release|Any CPU.ActiveCfg = Release|Any CPU
		{AAE29260-0318-4E5D-915D-377D8872BAF8}.Release|Any CPU.Build.0 = Release|Any CPU
	EndGlobalSection
	GlobalSection(SolutionProperties) = preSolution
		HideSolutionNode = FALSE
	EndGlobalSection
	GlobalSection(ExtensibilityGlobals) = postSolution
		SolutionGuid = {2DB9F9F3-D6C1-4507-8D78-F309B402B6B7}
	EndGlobalSection
EndGlobal
